{
  "requires": true,
  "lockfileVersion": 1,
  "dependencies": {
    "leaflet-draw": {
      "version": "0.3.2",
      "resolved": "https://registry.npmjs.org/leaflet-draw/-/leaflet-draw-0.3.2.tgz",
      "integrity": "sha1-cX7o/tTCqWecEhYuH5ItLaUD0Qk="
    },
    "leaflet.measurecontrol": {
      "version": "1.1.0",
      "resolved": "https://registry.npmjs.org/leaflet.measurecontrol/-/leaflet.measurecontrol-1.1.0.tgz",
      "integrity": "sha1-0GFFmwqP5rSXzs8/IfRw66+ec9Y=",
      "requires": {
        "leaflet-draw": "^0.3.2"
      }
    }
  }
}
